
Microsoft Visual Studio Solution File, Format Version 12.00
# Visual Studio Version 16
VisualStudioVersion = 16.0.32228.343
MinimumVisualStudioVersion = 10.0.40219.1
Project("{FAE04EC0-301F-11D3-BF4B-00C04F79EFBC}") = "oop_kr_graph", "oop_kr_graph.csproj", "{C7C28D49-379C-4D19-9973-0466BD638A17}"
EndProject
Global
	GlobalSection(SolutionConfigurationPlatforms) = preSolution
		Debug|Any CPU = Debug|Any CPU
		Release|Any CPU = Release|Any CPU
	EndGlobalSection
	GlobalSection(ProjectConfigurationPlatforms) = postSolution
		{C7C28D49-379C-4D19-9973-0466BD638A17}.Debug|Any CPU.ActiveCfg = Debug|Any CPU
		{C7C28D49-379C-4D19-9973-0466BD638A17}.Debug|Any CPU.Build.0 = Debug|Any CPU
		{C7C28D49-379C-4D19-9973-0466BD638A17}.Release|Any CPU.ActiveCfg = Release|Any CPU
		{C7C28D49-379C-4D19-9973-0466BD638A17}.Release|Any CPU.Build.0 = Release|Any CPU
	EndGlobalSection
	GlobalSection(SolutionProperties) = preSolution
		HideSolutionNode = FALSE
	EndGlobalSection
	GlobalSection(ExtensibilityGlobals) = postSolution
		SolutionGuid = {44350F09-E28B-435D-8A3B-CB63DF6FB818}
	EndGlobalSection
EndGlobal
