
Microsoft Visual Studio Solution File, Format Version 12.00
# Visual Studio Version 16
VisualStudioVersion = 16.0.32228.343
MinimumVisualStudioVersion = 10.0.40219.1
Project("{FAE04EC0-301F-11D3-BF4B-00C04F79EFBC}") = "lab8_1", "lab8_1.csproj", "{3D47C5C5-ADF2-4BE8-8BCA-A97F83757C34}"
EndProject
Global
	GlobalSection(SolutionConfigurationPlatforms) = preSolution
		Debug|Any CPU = Debug|Any CPU
		Release|Any CPU = Release|Any CPU
	EndGlobalSection
	GlobalSection(ProjectConfigurationPlatforms) = postSolution
		{3D47C5C5-ADF2-4BE8-8BCA-A97F83757C34}.Debug|Any CPU.ActiveCfg = Debug|Any CPU
		{3D47C5C5-ADF2-4BE8-8BCA-A97F83757C34}.Debug|Any CPU.Build.0 = Debug|Any CPU
		{3D47C5C5-ADF2-4BE8-8BCA-A97F83757C34}.Release|Any CPU.ActiveCfg = Release|Any CPU
		{3D47C5C5-ADF2-4BE8-8BCA-A97F83757C34}.Release|Any CPU.Build.0 = Release|Any CPU
	EndGlobalSection
	GlobalSection(SolutionProperties) = preSolution
		HideSolutionNode = FALSE
	EndGlobalSection
	GlobalSection(ExtensibilityGlobals) = postSolution
		SolutionGuid = {9332F0C7-DA26-4ACE-8EDE-048250E10543}
	EndGlobalSection
EndGlobal
