
Microsoft Visual Studio Solution File, Format Version 12.00
# Visual Studio Version 16
VisualStudioVersion = 16.0.32228.343
MinimumVisualStudioVersion = 10.0.40219.1
Project("{FAE04EC0-301F-11D3-BF4B-00C04F79EFBC}") = "lab8_2", "lab8_2.csproj", "{49E81D8E-1241-4992-9738-A8041BF81182}"
EndProject
Global
	GlobalSection(SolutionConfigurationPlatforms) = preSolution
		Debug|Any CPU = Debug|Any CPU
		Release|Any CPU = Release|Any CPU
	EndGlobalSection
	GlobalSection(ProjectConfigurationPlatforms) = postSolution
		{49E81D8E-1241-4992-9738-A8041BF81182}.Debug|Any CPU.ActiveCfg = Debug|Any CPU
		{49E81D8E-1241-4992-9738-A8041BF81182}.Debug|Any CPU.Build.0 = Debug|Any CPU
		{49E81D8E-1241-4992-9738-A8041BF81182}.Release|Any CPU.ActiveCfg = Release|Any CPU
		{49E81D8E-1241-4992-9738-A8041BF81182}.Release|Any CPU.Build.0 = Release|Any CPU
	EndGlobalSection
	GlobalSection(SolutionProperties) = preSolution
		HideSolutionNode = FALSE
	EndGlobalSection
	GlobalSection(ExtensibilityGlobals) = postSolution
		SolutionGuid = {EE73165E-7C3F-43F4-AEC8-4FAD5520B5DF}
	EndGlobalSection
EndGlobal
