
Microsoft Visual Studio Solution File, Format Version 12.00
# Visual Studio Version 16
VisualStudioVersion = 16.0.32228.343
MinimumVisualStudioVersion = 10.0.40219.1
Project("{FAE04EC0-301F-11D3-BF4B-00C04F79EFBC}") = "lab4_4", "lab4_4.csproj", "{1B404E9B-5C19-412D-AE4E-01D1D52EE2AF}"
EndProject
Global
	GlobalSection(SolutionConfigurationPlatforms) = preSolution
		Debug|Any CPU = Debug|Any CPU
		Release|Any CPU = Release|Any CPU
	EndGlobalSection
	GlobalSection(ProjectConfigurationPlatforms) = postSolution
		{1B404E9B-5C19-412D-AE4E-01D1D52EE2AF}.Debug|Any CPU.ActiveCfg = Debug|Any CPU
		{1B404E9B-5C19-412D-AE4E-01D1D52EE2AF}.Debug|Any CPU.Build.0 = Debug|Any CPU
		{1B404E9B-5C19-412D-AE4E-01D1D52EE2AF}.Release|Any CPU.ActiveCfg = Release|Any CPU
		{1B404E9B-5C19-412D-AE4E-01D1D52EE2AF}.Release|Any CPU.Build.0 = Release|Any CPU
	EndGlobalSection
	GlobalSection(SolutionProperties) = preSolution
		HideSolutionNode = FALSE
	EndGlobalSection
	GlobalSection(ExtensibilityGlobals) = postSolution
		SolutionGuid = {DE3BCFFB-C259-42C1-840F-8E92E8B7A6CE}
	EndGlobalSection
EndGlobal
