
Microsoft Visual Studio Solution File, Format Version 12.00
# Visual Studio Version 16
VisualStudioVersion = 16.0.32228.343
MinimumVisualStudioVersion = 10.0.40219.1
Project("{FAE04EC0-301F-11D3-BF4B-00C04F79EFBC}") = "hw2", "hw2.csproj", "{24DA7FAE-F428-4D1B-AA48-D1CDCB154563}"
EndProject
Global
	GlobalSection(SolutionConfigurationPlatforms) = preSolution
		Debug|Any CPU = Debug|Any CPU
		Release|Any CPU = Release|Any CPU
	EndGlobalSection
	GlobalSection(ProjectConfigurationPlatforms) = postSolution
		{24DA7FAE-F428-4D1B-AA48-D1CDCB154563}.Debug|Any CPU.ActiveCfg = Debug|Any CPU
		{24DA7FAE-F428-4D1B-AA48-D1CDCB154563}.Debug|Any CPU.Build.0 = Debug|Any CPU
		{24DA7FAE-F428-4D1B-AA48-D1CDCB154563}.Release|Any CPU.ActiveCfg = Release|Any CPU
		{24DA7FAE-F428-4D1B-AA48-D1CDCB154563}.Release|Any CPU.Build.0 = Release|Any CPU
	EndGlobalSection
	GlobalSection(SolutionProperties) = preSolution
		HideSolutionNode = FALSE
	EndGlobalSection
	GlobalSection(ExtensibilityGlobals) = postSolution
		SolutionGuid = {52E8215D-21C3-4F23-80E5-B16D8C5DCF58}
	EndGlobalSection
EndGlobal
